
Microsoft Visual Studio Solution File, Format Version 12.00
# Visual Studio Version 16
VisualStudioVersion = 16.0.33801.447
MinimumVisualStudioVersion = 10.0.40219.1
Project("{8BC9CEB8-8B4A-11D0-8D11-00A0C91BC942}") = "2023-7-29-1", "2023-7-29-1.vcxproj", "{D0982470-B81A-4C72-B931-EE300E3F881F}"
EndProject
Global
	GlobalSection(SolutionConfigurationPlatforms) = preSolution
		Debug|x64 = Debug|x64
		Debug|x86 = Debug|x86
		Release|x64 = Release|x64
		Release|x86 = Release|x86
	EndGlobalSection
	GlobalSection(ProjectConfigurationPlatforms) = postSolution
		{D0982470-B81A-4C72-B931-EE300E3F881F}.Debug|x64.ActiveCfg = Debug|x64
		{D0982470-B81A-4C72-B931-EE300E3F881F}.Debug|x64.Build.0 = Debug|x64
		{D0982470-B81A-4C72-B931-EE300E3F881F}.Debug|x86.ActiveCfg = Debug|Win32
		{D0982470-B81A-4C72-B931-EE300E3F881F}.Debug|x86.Build.0 = Debug|Win32
		{D0982470-B81A-4C72-B931-EE300E3F881F}.Release|x64.ActiveCfg = Release|x64
		{D0982470-B81A-4C72-B931-EE300E3F881F}.Release|x64.Build.0 = Release|x64
		{D0982470-B81A-4C72-B931-EE300E3F881F}.Release|x86.ActiveCfg = Release|Win32
		{D0982470-B81A-4C72-B931-EE300E3F881F}.Release|x86.Build.0 = Release|Win32
	EndGlobalSection
	GlobalSection(SolutionProperties) = preSolution
		HideSolutionNode = FALSE
	EndGlobalSection
	GlobalSection(ExtensibilityGlobals) = postSolution
		SolutionGuid = {15A837C7-9219-47E0-95E4-77C3F390AB39}
	EndGlobalSection
EndGlobal
